
Microsoft Visual Studio Solution File, Format Version 12.00
# Visual Studio 2012
Project("{FAE04EC0-301F-11D3-BF4B-00C04F79EFBC}") = "PinupMobile.Core", "PinupMobile\PinupMobile.Core\PinupMobile.Core.csproj", "{A11B30FF-5237-4956-9C99-4D16A29DC61A}"
EndProject
Project("{FAE04EC0-301F-11D3-BF4B-00C04F79EFBC}") = "PinupMobile.Droid", "PinupMobile\PinupMobile.Droid\PinupMobile.Droid.csproj", "{59589169-419F-4382-8E81-495AFDB3C77B}"
EndProject
Project("{FAE04EC0-301F-11D3-BF4B-00C04F79EFBC}") = "PinupMobile.iOS", "PinupMobile\PinupMobile.iOS\PinupMobile.iOS.csproj", "{1DF3BC90-5A11-4525-ADFD-74273FCC3337}"
EndProject
Global
	GlobalSection(SolutionConfigurationPlatforms) = preSolution
		Debug|Any CPU = Debug|Any CPU
		Release|Any CPU = Release|Any CPU
		Debug|iPhoneSimulator = Debug|iPhoneSimulator
		Release|iPhoneSimulator = Release|iPhoneSimulator
		Debug|iPhone = Debug|iPhone
		Release|iPhone = Release|iPhone
		Ad-Hoc|iPhone = Ad-Hoc|iPhone
		AppStore|iPhone = AppStore|iPhone
	EndGlobalSection
	GlobalSection(ProjectConfigurationPlatforms) = postSolution
		{A11B30FF-5237-4956-9C99-4D16A29DC61A}.Debug|Any CPU.ActiveCfg = Debug|Any CPU
		{A11B30FF-5237-4956-9C99-4D16A29DC61A}.Debug|Any CPU.Build.0 = Debug|Any CPU
		{A11B30FF-5237-4956-9C99-4D16A29DC61A}.Release|Any CPU.ActiveCfg = Release|Any CPU
		{A11B30FF-5237-4956-9C99-4D16A29DC61A}.Release|Any CPU.Build.0 = Release|Any CPU
		{A11B30FF-5237-4956-9C99-4D16A29DC61A}.Debug|iPhoneSimulator.ActiveCfg = Debug|Any CPU
		{A11B30FF-5237-4956-9C99-4D16A29DC61A}.Debug|iPhoneSimulator.Build.0 = Debug|Any CPU
		{A11B30FF-5237-4956-9C99-4D16A29DC61A}.Release|iPhoneSimulator.ActiveCfg = Release|Any CPU
		{A11B30FF-5237-4956-9C99-4D16A29DC61A}.Release|iPhoneSimulator.Build.0 = Release|Any CPU
		{A11B30FF-5237-4956-9C99-4D16A29DC61A}.Debug|iPhone.ActiveCfg = Debug|Any CPU
		{A11B30FF-5237-4956-9C99-4D16A29DC61A}.Debug|iPhone.Build.0 = Debug|Any CPU
		{A11B30FF-5237-4956-9C99-4D16A29DC61A}.Release|iPhone.ActiveCfg = Release|Any CPU
		{A11B30FF-5237-4956-9C99-4D16A29DC61A}.Release|iPhone.Build.0 = Release|Any CPU
		{A11B30FF-5237-4956-9C99-4D16A29DC61A}.Ad-Hoc|iPhone.ActiveCfg = Debug|Any CPU
		{A11B30FF-5237-4956-9C99-4D16A29DC61A}.Ad-Hoc|iPhone.Build.0 = Debug|Any CPU
		{A11B30FF-5237-4956-9C99-4D16A29DC61A}.AppStore|iPhone.ActiveCfg = Debug|Any CPU
		{A11B30FF-5237-4956-9C99-4D16A29DC61A}.AppStore|iPhone.Build.0 = Debug|Any CPU
		{59589169-419F-4382-8E81-495AFDB3C77B}.Debug|Any CPU.ActiveCfg = Debug|Any CPU
		{59589169-419F-4382-8E81-495AFDB3C77B}.Debug|Any CPU.Build.0 = Debug|Any CPU
		{59589169-419F-4382-8E81-495AFDB3C77B}.Release|Any CPU.ActiveCfg = Release|Any CPU
		{59589169-419F-4382-8E81-495AFDB3C77B}.Release|Any CPU.Build.0 = Release|Any CPU
		{59589169-419F-4382-8E81-495AFDB3C77B}.Debug|iPhoneSimulator.ActiveCfg = Debug|Any CPU
		{59589169-419F-4382-8E81-495AFDB3C77B}.Debug|iPhoneSimulator.Build.0 = Debug|Any CPU
		{59589169-419F-4382-8E81-495AFDB3C77B}.Release|iPhoneSimulator.ActiveCfg = Release|Any CPU
		{59589169-419F-4382-8E81-495AFDB3C77B}.Release|iPhoneSimulator.Build.0 = Release|Any CPU
		{59589169-419F-4382-8E81-495AFDB3C77B}.Debug|iPhone.ActiveCfg = Debug|Any CPU
		{59589169-419F-4382-8E81-495AFDB3C77B}.Debug|iPhone.Build.0 = Debug|Any CPU
		{59589169-419F-4382-8E81-495AFDB3C77B}.Release|iPhone.ActiveCfg = Release|Any CPU
		{59589169-419F-4382-8E81-495AFDB3C77B}.Release|iPhone.Build.0 = Release|Any CPU
		{59589169-419F-4382-8E81-495AFDB3C77B}.Ad-Hoc|iPhone.ActiveCfg = Debug|Any CPU
		{59589169-419F-4382-8E81-495AFDB3C77B}.Ad-Hoc|iPhone.Build.0 = Debug|Any CPU
		{59589169-419F-4382-8E81-495AFDB3C77B}.AppStore|iPhone.ActiveCfg = Debug|Any CPU
		{59589169-419F-4382-8E81-495AFDB3C77B}.AppStore|iPhone.Build.0 = Debug|Any CPU
		{1DF3BC90-5A11-4525-ADFD-74273FCC3337}.Debug|Any CPU.ActiveCfg = Debug|iPhoneSimulator
		{1DF3BC90-5A11-4525-ADFD-74273FCC3337}.Debug|Any CPU.Build.0 = Debug|iPhoneSimulator
		{1DF3BC90-5A11-4525-ADFD-74273FCC3337}.Release|Any CPU.ActiveCfg = Release|iPhoneSimulator
		{1DF3BC90-5A11-4525-ADFD-74273FCC3337}.Release|Any CPU.Build.0 = Release|iPhoneSimulator
		{1DF3BC90-5A11-4525-ADFD-74273FCC3337}.Debug|iPhoneSimulator.ActiveCfg = Debug|iPhoneSimulator
		{1DF3BC90-5A11-4525-ADFD-74273FCC3337}.Debug|iPhoneSimulator.Build.0 = Debug|iPhoneSimulator
		{1DF3BC90-5A11-4525-ADFD-74273FCC3337}.Release|iPhoneSimulator.ActiveCfg = Release|iPhoneSimulator
		{1DF3BC90-5A11-4525-ADFD-74273FCC3337}.Release|iPhoneSimulator.Build.0 = Release|iPhoneSimulator
		{1DF3BC90-5A11-4525-ADFD-74273FCC3337}.Debug|iPhone.ActiveCfg = Debug|iPhone
		{1DF3BC90-5A11-4525-ADFD-74273FCC3337}.Debug|iPhone.Build.0 = Debug|iPhone
		{1DF3BC90-5A11-4525-ADFD-74273FCC3337}.Release|iPhone.ActiveCfg = Release|iPhone
		{1DF3BC90-5A11-4525-ADFD-74273FCC3337}.Release|iPhone.Build.0 = Release|iPhone
		{1DF3BC90-5A11-4525-ADFD-74273FCC3337}.Ad-Hoc|iPhone.ActiveCfg = Ad-Hoc|iPhone
		{1DF3BC90-5A11-4525-ADFD-74273FCC3337}.Ad-Hoc|iPhone.Build.0 = Ad-Hoc|iPhone
		{1DF3BC90-5A11-4525-ADFD-74273FCC3337}.AppStore|iPhone.ActiveCfg = AppStore|iPhone
		{1DF3BC90-5A11-4525-ADFD-74273FCC3337}.AppStore|iPhone.Build.0 = AppStore|iPhone
	EndGlobalSection
EndGlobal
